
Microsoft Visual Studio Solution File, Format Version 12.00
# Visual Studio Version 17
VisualStudioVersion = 17.0.32126.317
MinimumVisualStudioVersion = 10.0.40219.1
Project("{9A19103F-16F7-4668-BE54-9A1E7A4F7556}") = "UbiParser", "UbiParser\UbiParser.csproj", "{A55B93AE-BEC4-4C64-8A59-A02FA73A0F2E}"
EndProject
Project("{9A19103F-16F7-4668-BE54-9A1E7A4F7556}") = "ParserGUI", "ParserGUI\ParserGUI.csproj", "{4D60B9EC-00EB-4132-BC02-4BBB3B3253B8}"
EndProject
Global
	GlobalSection(SolutionConfigurationPlatforms) = preSolution
		Debug|Any CPU = Debug|Any CPU
		Release|Any CPU = Release|Any CPU
	EndGlobalSection
	GlobalSection(ProjectConfigurationPlatforms) = postSolution
		{A55B93AE-BEC4-4C64-8A59-A02FA73A0F2E}.Debug|Any CPU.ActiveCfg = Debug|Any CPU
		{A55B93AE-BEC4-4C64-8A59-A02FA73A0F2E}.Debug|Any CPU.Build.0 = Debug|Any CPU
		{A55B93AE-BEC4-4C64-8A59-A02FA73A0F2E}.Release|Any CPU.ActiveCfg = Release|Any CPU
		{A55B93AE-BEC4-4C64-8A59-A02FA73A0F2E}.Release|Any CPU.Build.0 = Release|Any CPU
		{4D60B9EC-00EB-4132-BC02-4BBB3B3253B8}.Debug|Any CPU.ActiveCfg = Debug|Any CPU
		{4D60B9EC-00EB-4132-BC02-4BBB3B3253B8}.Debug|Any CPU.Build.0 = Debug|Any CPU
		{4D60B9EC-00EB-4132-BC02-4BBB3B3253B8}.Release|Any CPU.ActiveCfg = Release|Any CPU
		{4D60B9EC-00EB-4132-BC02-4BBB3B3253B8}.Release|Any CPU.Build.0 = Release|Any CPU
	EndGlobalSection
	GlobalSection(SolutionProperties) = preSolution
		HideSolutionNode = FALSE
	EndGlobalSection
	GlobalSection(ExtensibilityGlobals) = postSolution
		SolutionGuid = {3E632583-A9CC-41C0-8F3B-6C514F0E2D8E}
	EndGlobalSection
EndGlobal
